
Microsoft Visual Studio Solution File, Format Version 12.00
# Visual Studio 14
VisualStudioVersion = 14.0.24720.0
MinimumVisualStudioVersion = 10.0.40219.1
Project("{FAE04EC0-301F-11D3-BF4B-00C04F79EFBC}") = "DeliciousParser", "delicious_parser\DeliciousParser.csproj", "{9F14F763-EE9D-478D-A751-56D9054DA317}"
EndProject
Project("{FAE04EC0-301F-11D3-BF4B-00C04F79EFBC}") = "Bookmarks.Common", "Common\Bookmarks.Common.csproj", "{917AAFD0-6698-4476-93E6-0DDFB7154CA9}"
EndProject
Project("{2150E333-8FDC-42A3-9474-1A3956D46DE8}") = "Solution Items", "Solution Items", "{7E800C44-2DE2-4DDE-88AA-26F9463A6963}"
	ProjectSection(SolutionItems) = preProject
		README.md = README.md
	EndProjectSection
EndProject
Project("{FAE04EC0-301F-11D3-BF4B-00C04F79EFBC}") = "BookmarkProcessor", "BookmarkProcessor\BookmarkProcessor.csproj", "{92604300-BFB5-4E24-A352-67272850D842}"
EndProject
Project("{FAE04EC0-301F-11D3-BF4B-00C04F79EFBC}") = "BookmarkProcessorUnitTest", "BookmarkProcessorUnitTest\BookmarkProcessorUnitTest.csproj", "{772AA474-4F1E-4F8E-8335-0CFC27B4980D}"
EndProject
Global
	GlobalSection(SolutionConfigurationPlatforms) = preSolution
		Debug|Any CPU = Debug|Any CPU
		Debug|Mixed Platforms = Debug|Mixed Platforms
		Debug|x64 = Debug|x64
		Release|Any CPU = Release|Any CPU
		Release|Mixed Platforms = Release|Mixed Platforms
		Release|x64 = Release|x64
	EndGlobalSection
	GlobalSection(ProjectConfigurationPlatforms) = postSolution
		{9F14F763-EE9D-478D-A751-56D9054DA317}.Debug|Any CPU.ActiveCfg = Debug|Any CPU
		{9F14F763-EE9D-478D-A751-56D9054DA317}.Debug|Any CPU.Build.0 = Debug|Any CPU
		{9F14F763-EE9D-478D-A751-56D9054DA317}.Debug|Mixed Platforms.ActiveCfg = Debug|Any CPU
		{9F14F763-EE9D-478D-A751-56D9054DA317}.Debug|Mixed Platforms.Build.0 = Debug|Any CPU
		{9F14F763-EE9D-478D-A751-56D9054DA317}.Debug|x64.ActiveCfg = Debug|Any CPU
		{9F14F763-EE9D-478D-A751-56D9054DA317}.Release|Any CPU.ActiveCfg = Release|Any CPU
		{9F14F763-EE9D-478D-A751-56D9054DA317}.Release|Any CPU.Build.0 = Release|Any CPU
		{9F14F763-EE9D-478D-A751-56D9054DA317}.Release|Mixed Platforms.ActiveCfg = Release|Any CPU
		{9F14F763-EE9D-478D-A751-56D9054DA317}.Release|Mixed Platforms.Build.0 = Release|Any CPU
		{9F14F763-EE9D-478D-A751-56D9054DA317}.Release|x64.ActiveCfg = Release|Any CPU
		{917AAFD0-6698-4476-93E6-0DDFB7154CA9}.Debug|Any CPU.ActiveCfg = Debug|Any CPU
		{917AAFD0-6698-4476-93E6-0DDFB7154CA9}.Debug|Any CPU.Build.0 = Debug|Any CPU
		{917AAFD0-6698-4476-93E6-0DDFB7154CA9}.Debug|Mixed Platforms.ActiveCfg = Debug|Any CPU
		{917AAFD0-6698-4476-93E6-0DDFB7154CA9}.Debug|Mixed Platforms.Build.0 = Debug|Any CPU
		{917AAFD0-6698-4476-93E6-0DDFB7154CA9}.Debug|x64.ActiveCfg = Debug|Any CPU
		{917AAFD0-6698-4476-93E6-0DDFB7154CA9}.Release|Any CPU.ActiveCfg = Release|Any CPU
		{917AAFD0-6698-4476-93E6-0DDFB7154CA9}.Release|Any CPU.Build.0 = Release|Any CPU
		{917AAFD0-6698-4476-93E6-0DDFB7154CA9}.Release|Mixed Platforms.ActiveCfg = Release|Any CPU
		{917AAFD0-6698-4476-93E6-0DDFB7154CA9}.Release|Mixed Platforms.Build.0 = Release|Any CPU
		{917AAFD0-6698-4476-93E6-0DDFB7154CA9}.Release|x64.ActiveCfg = Release|Any CPU
		{92604300-BFB5-4E24-A352-67272850D842}.Debug|Any CPU.ActiveCfg = Debug|Any CPU
		{92604300-BFB5-4E24-A352-67272850D842}.Debug|Any CPU.Build.0 = Debug|Any CPU
		{92604300-BFB5-4E24-A352-67272850D842}.Debug|Mixed Platforms.ActiveCfg = Debug|Any CPU
		{92604300-BFB5-4E24-A352-67272850D842}.Debug|Mixed Platforms.Build.0 = Debug|Any CPU
		{92604300-BFB5-4E24-A352-67272850D842}.Debug|x64.ActiveCfg = Debug|Any CPU
		{92604300-BFB5-4E24-A352-67272850D842}.Release|Any CPU.ActiveCfg = Release|Any CPU
		{92604300-BFB5-4E24-A352-67272850D842}.Release|Any CPU.Build.0 = Release|Any CPU
		{92604300-BFB5-4E24-A352-67272850D842}.Release|Mixed Platforms.ActiveCfg = Release|Any CPU
		{92604300-BFB5-4E24-A352-67272850D842}.Release|Mixed Platforms.Build.0 = Release|Any CPU
		{92604300-BFB5-4E24-A352-67272850D842}.Release|x64.ActiveCfg = Release|Any CPU
		{772AA474-4F1E-4F8E-8335-0CFC27B4980D}.Debug|Any CPU.ActiveCfg = Debug|Any CPU
		{772AA474-4F1E-4F8E-8335-0CFC27B4980D}.Debug|Any CPU.Build.0 = Debug|Any CPU
		{772AA474-4F1E-4F8E-8335-0CFC27B4980D}.Debug|Mixed Platforms.ActiveCfg = Debug|Any CPU
		{772AA474-4F1E-4F8E-8335-0CFC27B4980D}.Debug|Mixed Platforms.Build.0 = Debug|Any CPU
		{772AA474-4F1E-4F8E-8335-0CFC27B4980D}.Debug|x64.ActiveCfg = Debug|Any CPU
		{772AA474-4F1E-4F8E-8335-0CFC27B4980D}.Release|Any CPU.ActiveCfg = Release|Any CPU
		{772AA474-4F1E-4F8E-8335-0CFC27B4980D}.Release|Any CPU.Build.0 = Release|Any CPU
		{772AA474-4F1E-4F8E-8335-0CFC27B4980D}.Release|Mixed Platforms.ActiveCfg = Release|Any CPU
		{772AA474-4F1E-4F8E-8335-0CFC27B4980D}.Release|Mixed Platforms.Build.0 = Release|Any CPU
		{772AA474-4F1E-4F8E-8335-0CFC27B4980D}.Release|x64.ActiveCfg = Release|Any CPU
	EndGlobalSection
	GlobalSection(SolutionProperties) = preSolution
		HideSolutionNode = FALSE
	EndGlobalSection
EndGlobal
