
Microsoft Visual Studio Solution File, Format Version 12.00
# Visual Studio 14
VisualStudioVersion = 14.0.24720.0
MinimumVisualStudioVersion = 10.0.40219.1
Project("{FAE04EC0-301F-11D3-BF4B-00C04F79EFBC}") = "MongoDbImportUtil", "MongoDbImportUtil.csproj", "{86F29D8E-A0E6-4E03-B897-E712488F114D}"
EndProject
Project("{FAE04EC0-301F-11D3-BF4B-00C04F79EFBC}") = "Bookmarks.Common", "..\Common\Bookmarks.Common.csproj", "{917AAFD0-6698-4476-93E6-0DDFB7154CA9}"
EndProject
Project("{FAE04EC0-301F-11D3-BF4B-00C04F79EFBC}") = "DeliciousParser", "..\delicious_parser\DeliciousParser.csproj", "{9F14F763-EE9D-478D-A751-56D9054DA317}"
EndProject
Project("{FAE04EC0-301F-11D3-BF4B-00C04F79EFBC}") = "BookmarkProcessor", "..\BookmarkProcessor\BookmarkProcessor.csproj", "{92604300-BFB5-4E24-A352-67272850D842}"
EndProject
Project("{FAE04EC0-301F-11D3-BF4B-00C04F79EFBC}") = "BookmarkProcessorUnitTest", "..\BookmarkProcessorUnitTest\BookmarkProcessorUnitTest.csproj", "{772AA474-4F1E-4F8E-8335-0CFC27B4980D}"
EndProject
Project("{2150E333-8FDC-42A3-9474-1A3956D46DE8}") = "Solution Items", "Solution Items", "{70A6D949-7C6C-4357-9996-821F00C98D6E}"
	ProjectSection(SolutionItems) = preProject
		etl-loadTagCounts.js = etl-loadTagCounts.js
		Readme.md = Readme.md
	EndProjectSection
EndProject
Project("{FAE04EC0-301F-11D3-BF4B-00C04F79EFBC}") = "BibsonomyParser", "..\BibsonomyParser\BibsonomyParser.csproj", "{4D01D72D-F2DE-4549-8E3A-B46281D2545C}"
EndProject
Project("{FAE04EC0-301F-11D3-BF4B-00C04F79EFBC}") = "PinterestParser", "PinterestParser\PinterestParser.csproj", "{674B5331-D46F-4815-86DC-8AE38483BD3A}"
EndProject
Project("{FAE04EC0-301F-11D3-BF4B-00C04F79EFBC}") = "GitmarksParser", "GitmarksParser\GitmarksParser.csproj", "{23C90325-FC2C-4FBD-B64F-BAFA808422A9}"
EndProject
Global
	GlobalSection(SolutionConfigurationPlatforms) = preSolution
		Debug|Any CPU = Debug|Any CPU
		Release|Any CPU = Release|Any CPU
	EndGlobalSection
	GlobalSection(ProjectConfigurationPlatforms) = postSolution
		{86F29D8E-A0E6-4E03-B897-E712488F114D}.Debug|Any CPU.ActiveCfg = Debug|Any CPU
		{86F29D8E-A0E6-4E03-B897-E712488F114D}.Debug|Any CPU.Build.0 = Debug|Any CPU
		{86F29D8E-A0E6-4E03-B897-E712488F114D}.Release|Any CPU.ActiveCfg = Release|Any CPU
		{86F29D8E-A0E6-4E03-B897-E712488F114D}.Release|Any CPU.Build.0 = Release|Any CPU
		{917AAFD0-6698-4476-93E6-0DDFB7154CA9}.Debug|Any CPU.ActiveCfg = Debug|Any CPU
		{917AAFD0-6698-4476-93E6-0DDFB7154CA9}.Debug|Any CPU.Build.0 = Debug|Any CPU
		{917AAFD0-6698-4476-93E6-0DDFB7154CA9}.Release|Any CPU.ActiveCfg = Release|Any CPU
		{917AAFD0-6698-4476-93E6-0DDFB7154CA9}.Release|Any CPU.Build.0 = Release|Any CPU
		{9F14F763-EE9D-478D-A751-56D9054DA317}.Debug|Any CPU.ActiveCfg = Debug|Any CPU
		{9F14F763-EE9D-478D-A751-56D9054DA317}.Debug|Any CPU.Build.0 = Debug|Any CPU
		{9F14F763-EE9D-478D-A751-56D9054DA317}.Release|Any CPU.ActiveCfg = Release|Any CPU
		{9F14F763-EE9D-478D-A751-56D9054DA317}.Release|Any CPU.Build.0 = Release|Any CPU
		{92604300-BFB5-4E24-A352-67272850D842}.Debug|Any CPU.ActiveCfg = Debug|Any CPU
		{92604300-BFB5-4E24-A352-67272850D842}.Debug|Any CPU.Build.0 = Debug|Any CPU
		{92604300-BFB5-4E24-A352-67272850D842}.Release|Any CPU.ActiveCfg = Release|Any CPU
		{92604300-BFB5-4E24-A352-67272850D842}.Release|Any CPU.Build.0 = Release|Any CPU
		{772AA474-4F1E-4F8E-8335-0CFC27B4980D}.Debug|Any CPU.ActiveCfg = Debug|Any CPU
		{772AA474-4F1E-4F8E-8335-0CFC27B4980D}.Debug|Any CPU.Build.0 = Debug|Any CPU
		{772AA474-4F1E-4F8E-8335-0CFC27B4980D}.Release|Any CPU.ActiveCfg = Release|Any CPU
		{772AA474-4F1E-4F8E-8335-0CFC27B4980D}.Release|Any CPU.Build.0 = Release|Any CPU
		{4D01D72D-F2DE-4549-8E3A-B46281D2545C}.Debug|Any CPU.ActiveCfg = Debug|Any CPU
		{4D01D72D-F2DE-4549-8E3A-B46281D2545C}.Debug|Any CPU.Build.0 = Debug|Any CPU
		{4D01D72D-F2DE-4549-8E3A-B46281D2545C}.Release|Any CPU.ActiveCfg = Release|Any CPU
		{4D01D72D-F2DE-4549-8E3A-B46281D2545C}.Release|Any CPU.Build.0 = Release|Any CPU
		{674B5331-D46F-4815-86DC-8AE38483BD3A}.Debug|Any CPU.ActiveCfg = Debug|Any CPU
		{674B5331-D46F-4815-86DC-8AE38483BD3A}.Debug|Any CPU.Build.0 = Debug|Any CPU
		{674B5331-D46F-4815-86DC-8AE38483BD3A}.Release|Any CPU.ActiveCfg = Release|Any CPU
		{674B5331-D46F-4815-86DC-8AE38483BD3A}.Release|Any CPU.Build.0 = Release|Any CPU
		{23C90325-FC2C-4FBD-B64F-BAFA808422A9}.Debug|Any CPU.ActiveCfg = Debug|Any CPU
		{23C90325-FC2C-4FBD-B64F-BAFA808422A9}.Debug|Any CPU.Build.0 = Debug|Any CPU
		{23C90325-FC2C-4FBD-B64F-BAFA808422A9}.Release|Any CPU.ActiveCfg = Release|Any CPU
		{23C90325-FC2C-4FBD-B64F-BAFA808422A9}.Release|Any CPU.Build.0 = Release|Any CPU
	EndGlobalSection
	GlobalSection(SolutionProperties) = preSolution
		HideSolutionNode = FALSE
	EndGlobalSection
EndGlobal
